// !$*UTF8*$!
{
	archiveVersion = 1;
	classes = {
	};
	objectVersion = 50;
	objects = {

/* Begin PBXBuildFile section */
		3D2930F126D8B13C00D8E794 /* PhaseModel.swift in Sources */ = {isa = PBXBuildFile; fileRef = 3D2930F026D8B13C00D8E794 /* PhaseModel.swift */; };
		3D2930F326D8B18A00D8E794 /* HoffmanPhaseRow.swift in Sources */ = {isa = PBXBuildFile; fileRef = 3D2930F226D8B18A00D8E794 /* HoffmanPhaseRow.swift */; };
		3D55B10A26D6373A0011B02F /* HoffmanTimerView.swift in Sources */ = {isa = PBXBuildFile; fileRef = 3D55B10926D6373A0011B02F /* HoffmanTimerView.swift */; };
		3D8E1F7826E7872100456598 /* StageManager.swift in Sources */ = {isa = PBXBuildFile; fileRef = 3D8E1F7726E7872100456598 /* StageManager.swift */; };
		3DA8558726F63D1000D9AB9F /* LaunchScreen.storyboard in Resources */ = {isa = PBXBuildFile; fileRef = 3DA8558626F63D1000D9AB9F /* LaunchScreen.storyboard */; };
		3DA8558A26F6493A00D9AB9F /* StartButtonStyle.swift in Sources */ = {isa = PBXBuildFile; fileRef = 3DA8558926F6493A00D9AB9F /* StartButtonStyle.swift */; };
		3DA8558D26F893F400D9AB9F /* 4to6TimerView.swift in Sources */ = {isa = PBXBuildFile; fileRef = 3DA8558C26F893F400D9AB9F /* 4to6TimerView.swift */; };
		3DA8558F26F8940700D9AB9F /* 4to6PhaseRow.swift in Sources */ = {isa = PBXBuildFile; fileRef = 3DA8558E26F8940700D9AB9F /* 4to6PhaseRow.swift */; };
		3DAE0D332701D3CA0095A4CE /* DoseSelectorButtonStyle.swift in Sources */ = {isa = PBXBuildFile; fileRef = 3DAE0D322701D3CA0095A4CE /* DoseSelectorButtonStyle.swift */; };
		3DF506002701D7C400E24820 /* DosePicker.swift in Sources */ = {isa = PBXBuildFile; fileRef = 3DF505FF2701D7C400E24820 /* DosePicker.swift */; };
		3DFCA25E26D507860021AA9A /* brewtimerApp.swift in Sources */ = {isa = PBXBuildFile; fileRef = 3DFCA25D26D507860021AA9A /* brewtimerApp.swift */; };
		3DFCA26026D507860021AA9A /* ContentView.swift in Sources */ = {isa = PBXBuildFile; fileRef = 3DFCA25F26D507860021AA9A /* ContentView.swift */; };
		3DFCA26226D507860021AA9A /* Assets.xcassets in Resources */ = {isa = PBXBuildFile; fileRef = 3DFCA26126D507860021AA9A /* Assets.xcassets */; };
		3DFCA26526D507860021AA9A /* Preview Assets.xcassets in Resources */ = {isa = PBXBuildFile; fileRef = 3DFCA26426D507860021AA9A /* Preview Assets.xcassets */; };
		3DFCA27026D507860021AA9A /* brewtimerTests.swift in Sources */ = {isa = PBXBuildFile; fileRef = 3DFCA26F26D507860021AA9A /* brewtimerTests.swift */; };
		3DFCA27B26D507860021AA9A /* brewtimerUITests.swift in Sources */ = {isa = PBXBuildFile; fileRef = 3DFCA27A26D507860021AA9A /* brewtimerUITests.swift */; };
		3DFCA28926D631A80021AA9A /* StopwatchManager.swift in Sources */ = {isa = PBXBuildFile; fileRef = 3DFCA28826D631A80021AA9A /* StopwatchManager.swift */; };
/* End PBXBuildFile section */

/* Begin PBXContainerItemProxy section */
		3DFCA26C26D507860021AA9A /* PBXContainerItemProxy */ = {
			isa = PBXContainerItemProxy;
			containerPortal = 3DFCA25226D507860021AA9A /* Project object */;
			proxyType = 1;
			remoteGlobalIDString = 3DFCA25926D507860021AA9A;
			remoteInfo = brewtimer;
		};
		3DFCA27726D507860021AA9A /* PBXContainerItemProxy */ = {
			isa = PBXContainerItemProxy;
			containerPortal = 3DFCA25226D507860021AA9A /* Project object */;
			proxyType = 1;
			remoteGlobalIDString = 3DFCA25926D507860021AA9A;
			remoteInfo = brewtimer;
		};
/* End PBXContainerItemProxy section */

/* Begin PBXFileReference section */
		3D2930F026D8B13C00D8E794 /* PhaseModel.swift */ = {isa = PBXFileReference; lastKnownFileType = sourcecode.swift; path = PhaseModel.swift; sourceTree = "<group>"; };
		3D2930F226D8B18A00D8E794 /* HoffmanPhaseRow.swift */ = {isa = PBXFileReference; lastKnownFileType = sourcecode.swift; path = HoffmanPhaseRow.swift; sourceTree = "<group>"; };
		3D55B10926D6373A0011B02F /* HoffmanTimerView.swift */ = {isa = PBXFileReference; lastKnownFileType = sourcecode.swift; path = HoffmanTimerView.swift; sourceTree = "<group>"; };
		3D8E1F7726E7872100456598 /* StageManager.swift */ = {isa = PBXFileReference; lastKnownFileType = sourcecode.swift; path = StageManager.swift; sourceTree = "<group>"; };
		3DA8558626F63D1000D9AB9F /* LaunchScreen.storyboard */ = {isa = PBXFileReference; lastKnownFileType = file.storyboard; path = LaunchScreen.storyboard; sourceTree = "<group>"; };
		3DA8558926F6493A00D9AB9F /* StartButtonStyle.swift */ = {isa = PBXFileReference; lastKnownFileType = sourcecode.swift; path = StartButtonStyle.swift; sourceTree = "<group>"; };
		3DA8558C26F893F400D9AB9F /* 4to6TimerView.swift */ = {isa = PBXFileReference; lastKnownFileType = sourcecode.swift; path = 4to6TimerView.swift; sourceTree = "<group>"; };
		3DA8558E26F8940700D9AB9F /* 4to6PhaseRow.swift */ = {isa = PBXFileReference; lastKnownFileType = sourcecode.swift; path = 4to6PhaseRow.swift; sourceTree = "<group>"; };
		3DAE0D322701D3CA0095A4CE /* DoseSelectorButtonStyle.swift */ = {isa = PBXFileReference; lastKnownFileType = sourcecode.swift; path = DoseSelectorButtonStyle.swift; sourceTree = "<group>"; };
		3DF505FF2701D7C400E24820 /* DosePicker.swift */ = {isa = PBXFileReference; lastKnownFileType = sourcecode.swift; path = DosePicker.swift; sourceTree = "<group>"; };
		3DFCA25A26D507860021AA9A /* brewtimer.app */ = {isa = PBXFileReference; explicitFileType = wrapper.application; includeInIndex = 0; path = brewtimer.app; sourceTree = BUILT_PRODUCTS_DIR; };
		3DFCA25D26D507860021AA9A /* brewtimerApp.swift */ = {isa = PBXFileReference; lastKnownFileType = sourcecode.swift; path = brewtimerApp.swift; sourceTree = "<group>"; };
		3DFCA25F26D507860021AA9A /* ContentView.swift */ = {isa = PBXFileReference; lastKnownFileType = sourcecode.swift; path = ContentView.swift; sourceTree = "<group>"; };
		3DFCA26126D507860021AA9A /* Assets.xcassets */ = {isa = PBXFileReference; lastKnownFileType = folder.assetcatalog; path = Assets.xcassets; sourceTree = "<group>"; };
		3DFCA26426D507860021AA9A /* Preview Assets.xcassets */ = {isa = PBXFileReference; lastKnownFileType = folder.assetcatalog; path = "Preview Assets.xcassets"; sourceTree = "<group>"; };
		3DFCA26626D507860021AA9A /* Info.plist */ = {isa = PBXFileReference; lastKnownFileType = text.plist.xml; path = Info.plist; sourceTree = "<group>"; };
		3DFCA26B26D507860021AA9A /* brewtimerTests.xctest */ = {isa = PBXFileReference; explicitFileType = wrapper.cfbundle; includeInIndex = 0; path = brewtimerTests.xctest; sourceTree = BUILT_PRODUCTS_DIR; };
		3DFCA26F26D507860021AA9A /* brewtimerTests.swift */ = {isa = PBXFileReference; lastKnownFileType = sourcecode.swift; path = brewtimerTests.swift; sourceTree = "<group>"; };
		3DFCA27126D507860021AA9A /* Info.plist */ = {isa = PBXFileReference; lastKnownFileType = text.plist.xml; path = Info.plist; sourceTree = "<group>"; };
		3DFCA27626D507860021AA9A /* brewtimerUITests.xctest */ = {isa = PBXFileReference; explicitFileType = wrapper.cfbundle; includeInIndex = 0; path = brewtimerUITests.xctest; sourceTree = BUILT_PRODUCTS_DIR; };
		3DFCA27A26D507860021AA9A /* brewtimerUITests.swift */ = {isa = PBXFileReference; lastKnownFileType = sourcecode.swift; path = brewtimerUITests.swift; sourceTree = "<group>"; };
		3DFCA27C26D507860021AA9A /* Info.plist */ = {isa = PBXFileReference; lastKnownFileType = text.plist.xml; path = Info.plist; sourceTree = "<group>"; };
		3DFCA28826D631A80021AA9A /* StopwatchManager.swift */ = {isa = PBXFileReference; lastKnownFileType = sourcecode.swift; path = StopwatchManager.swift; sourceTree = "<group>"; };
/* End PBXFileReference section */

/* Begin PBXFrameworksBuildPhase section */
		3DFCA25726D507860021AA9A /* Frameworks */ = {
			isa = PBXFrameworksBuildPhase;
			buildActionMask = 2147483647;
			files = (
			);
			runOnlyForDeploymentPostprocessing = 0;
		};
		3DFCA26826D507860021AA9A /* Frameworks */ = {
			isa = PBXFrameworksBuildPhase;
			buildActionMask = 2147483647;
			files = (
			);
			runOnlyForDeploymentPostprocessing = 0;
		};
		3DFCA27326D507860021AA9A /* Frameworks */ = {
			isa = PBXFrameworksBuildPhase;
			buildActionMask = 2147483647;
			files = (
			);
			runOnlyForDeploymentPostprocessing = 0;
		};
/* End PBXFrameworksBuildPhase section */

/* Begin PBXGroup section */
		3D55B10D26D638910011B02F /* hoffman */ = {
			isa = PBXGroup;
			children = (
				3D55B10926D6373A0011B02F /* HoffmanTimerView.swift */,
				3D2930F226D8B18A00D8E794 /* HoffmanPhaseRow.swift */,
			);
			path = hoffman;
			sourceTree = "<group>";
		};
		3DA8558826F6492900D9AB9F /* common */ = {
			isa = PBXGroup;
			children = (
				3DF505FE2701D7A300E24820 /* DosePicker */,
				3D8E1F7726E7872100456598 /* StageManager.swift */,
				3D2930F026D8B13C00D8E794 /* PhaseModel.swift */,
				3DA8558926F6493A00D9AB9F /* StartButtonStyle.swift */,
			);
			path = common;
			sourceTree = "<group>";
		};
		3DA8558B26F893E200D9AB9F /* 4to6 */ = {
			isa = PBXGroup;
			children = (
				3DA8558C26F893F400D9AB9F /* 4to6TimerView.swift */,
				3DA8558E26F8940700D9AB9F /* 4to6PhaseRow.swift */,
			);
			path = 4to6;
			sourceTree = "<group>";
		};
		3DF505FE2701D7A300E24820 /* DosePicker */ = {
			isa = PBXGroup;
			children = (
				3DAE0D322701D3CA0095A4CE /* DoseSelectorButtonStyle.swift */,
				3DF505FF2701D7C400E24820 /* DosePicker.swift */,
			);
			path = DosePicker;
			sourceTree = "<group>";
		};
		3DFCA25126D507860021AA9A = {
			isa = PBXGroup;
			children = (
				3DFCA25C26D507860021AA9A /* brewtimer */,
				3DFCA26E26D507860021AA9A /* brewtimerTests */,
				3DFCA27926D507860021AA9A /* brewtimerUITests */,
				3DFCA25B26D507860021AA9A /* Products */,
			);
			sourceTree = "<group>";
		};
		3DFCA25B26D507860021AA9A /* Products */ = {
			isa = PBXGroup;
			children = (
				3DFCA25A26D507860021AA9A /* brewtimer.app */,
				3DFCA26B26D507860021AA9A /* brewtimerTests.xctest */,
				3DFCA27626D507860021AA9A /* brewtimerUITests.xctest */,
			);
			name = Products;
			sourceTree = "<group>";
		};
		3DFCA25C26D507860021AA9A /* brewtimer */ = {
			isa = PBXGroup;
			children = (
				3DA8558B26F893E200D9AB9F /* 4to6 */,
				3DA8558826F6492900D9AB9F /* common */,
				3D55B10D26D638910011B02F /* hoffman */,
				3DFCA25D26D507860021AA9A /* brewtimerApp.swift */,
				3DFCA25F26D507860021AA9A /* ContentView.swift */,
				3DFCA26126D507860021AA9A /* Assets.xcassets */,
				3DFCA26626D507860021AA9A /* Info.plist */,
				3DFCA26326D507860021AA9A /* Preview Content */,
				3DFCA28826D631A80021AA9A /* StopwatchManager.swift */,
				3DA8558626F63D1000D9AB9F /* LaunchScreen.storyboard */,
			);
			path = brewtimer;
			sourceTree = "<group>";
		};
		3DFCA26326D507860021AA9A /* Preview Content */ = {
			isa = PBXGroup;
			children = (
				3DFCA26426D507860021AA9A /* Preview Assets.xcassets */,
			);
			path = "Preview Content";
			sourceTree = "<group>";
		};
		3DFCA26E26D507860021AA9A /* brewtimerTests */ = {
			isa = PBXGroup;
			children = (
				3DFCA26F26D507860021AA9A /* brewtimerTests.swift */,
				3DFCA27126D507860021AA9A /* Info.plist */,
			);
			path = brewtimerTests;
			sourceTree = "<group>";
		};
		3DFCA27926D507860021AA9A /* brewtimerUITests */ = {
			isa = PBXGroup;
			children = (
				3DFCA27A26D507860021AA9A /* brewtimerUITests.swift */,
				3DFCA27C26D507860021AA9A /* Info.plist */,
			);
			path = brewtimerUITests;
			sourceTree = "<group>";
		};
/* End PBXGroup section */

/* Begin PBXNativeTarget section */
		3DFCA25926D507860021AA9A /* brewtimer */ = {
			isa = PBXNativeTarget;
			buildConfigurationList = 3DFCA27F26D507860021AA9A /* Build configuration list for PBXNativeTarget "brewtimer" */;
			buildPhases = (
				3DFCA25626D507860021AA9A /* Sources */,
				3DFCA25726D507860021AA9A /* Frameworks */,
				3DFCA25826D507860021AA9A /* Resources */,
			);
			buildRules = (
			);
			dependencies = (
			);
			name = brewtimer;
			productName = brewtimer;
			productReference = 3DFCA25A26D507860021AA9A /* brewtimer.app */;
			productType = "com.apple.product-type.application";
		};
		3DFCA26A26D507860021AA9A /* brewtimerTests */ = {
			isa = PBXNativeTarget;
			buildConfigurationList = 3DFCA28226D507860021AA9A /* Build configuration list for PBXNativeTarget "brewtimerTests" */;
			buildPhases = (
				3DFCA26726D507860021AA9A /* Sources */,
				3DFCA26826D507860021AA9A /* Frameworks */,
				3DFCA26926D507860021AA9A /* Resources */,
			);
			buildRules = (
			);
			dependencies = (
				3DFCA26D26D507860021AA9A /* PBXTargetDependency */,
			);
			name = brewtimerTests;
			productName = brewtimerTests;
			productReference = 3DFCA26B26D507860021AA9A /* brewtimerTests.xctest */;
			productType = "com.apple.product-type.bundle.unit-test";
		};
		3DFCA27526D507860021AA9A /* brewtimerUITests */ = {
			isa = PBXNativeTarget;
			buildConfigurationList = 3DFCA28526D507860021AA9A /* Build configuration list for PBXNativeTarget "brewtimerUITests" */;
			buildPhases = (
				3DFCA27226D507860021AA9A /* Sources */,
				3DFCA27326D507860021AA9A /* Frameworks */,
				3DFCA27426D507860021AA9A /* Resources */,
			);
			buildRules = (
			);
			dependencies = (
				3DFCA27826D507860021AA9A /* PBXTargetDependency */,
			);
			name = brewtimerUITests;
			productName = brewtimerUITests;
			productReference = 3DFCA27626D507860021AA9A /* brewtimerUITests.xctest */;
			productType = "com.apple.product-type.bundle.ui-testing";
		};
/* End PBXNativeTarget section */

/* Begin PBXProject section */
		3DFCA25226D507860021AA9A /* Project object */ = {
			isa = PBXProject;
			attributes = {
				LastSwiftUpdateCheck = 1250;
				LastUpgradeCheck = 1250;
				TargetAttributes = {
					3DFCA25926D507860021AA9A = {
						CreatedOnToolsVersion = 12.5.1;
					};
					3DFCA26A26D507860021AA9A = {
						CreatedOnToolsVersion = 12.5.1;
						TestTargetID = 3DFCA25926D507860021AA9A;
					};
					3DFCA27526D507860021AA9A = {
						CreatedOnToolsVersion = 12.5.1;
						TestTargetID = 3DFCA25926D507860021AA9A;
					};
				};
			};
			buildConfigurationList = 3DFCA25526D507860021AA9A /* Build configuration list for PBXProject "brewtimer" */;
			compatibilityVersion = "Xcode 9.3";
			developmentRegion = en;
			hasScannedForEncodings = 0;
			knownRegions = (
				en,
				Base,
			);
			mainGroup = 3DFCA25126D507860021AA9A;
			productRefGroup = 3DFCA25B26D507860021AA9A /* Products */;
			projectDirPath = "";
			projectRoot = "";
			targets = (
				3DFCA25926D507860021AA9A /* brewtimer */,
				3DFCA26A26D507860021AA9A /* brewtimerTests */,
				3DFCA27526D507860021AA9A /* brewtimerUITests */,
			);
		};
/* End PBXProject section */

/* Begin PBXResourcesBuildPhase section */
		3DFCA25826D507860021AA9A /* Resources */ = {
			isa = PBXResourcesBuildPhase;
			buildActionMask = 2147483647;
			files = (
				3DA8558726F63D1000D9AB9F /* LaunchScreen.storyboard in Resources */,
				3DFCA26526D507860021AA9A /* Preview Assets.xcassets in Resources */,
				3DFCA26226D507860021AA9A /* Assets.xcassets in Resources */,
			);
			runOnlyForDeploymentPostprocessing = 0;
		};
		3DFCA26926D507860021AA9A /* Resources */ = {
			isa = PBXResourcesBuildPhase;
			buildActionMask = 2147483647;
			files = (
			);
			runOnlyForDeploymentPostprocessing = 0;
		};
		3DFCA27426D507860021AA9A /* Resources */ = {
			isa = PBXResourcesBuildPhase;
			buildActionMask = 2147483647;
			files = (
			);
			runOnlyForDeploymentPostprocessing = 0;
		};
/* End PBXResourcesBuildPhase section */

/* Begin PBXSourcesBuildPhase section */
		3DFCA25626D507860021AA9A /* Sources */ = {
			isa = PBXSourcesBuildPhase;
			buildActionMask = 2147483647;
			files = (
				3DF506002701D7C400E24820 /* DosePicker.swift in Sources */,
				3DA8558A26F6493A00D9AB9F /* StartButtonStyle.swift in Sources */,
				3D2930F326D8B18A00D8E794 /* HoffmanPhaseRow.swift in Sources */,
				3DA8558D26F893F400D9AB9F /* 4to6TimerView.swift in Sources */,
				3DA8558F26F8940700D9AB9F /* 4to6PhaseRow.swift in Sources */,
				3D55B10A26D6373A0011B02F /* HoffmanTimerView.swift in Sources */,
				3DFCA26026D507860021AA9A /* ContentView.swift in Sources */,
				3D2930F126D8B13C00D8E794 /* PhaseModel.swift in Sources */,
				3DFCA25E26D507860021AA9A /* brewtimerApp.swift in Sources */,
				3D8E1F7826E7872100456598 /* StageManager.swift in Sources */,
				3DAE0D332701D3CA0095A4CE /* DoseSelectorButtonStyle.swift in Sources */,
				3DFCA28926D631A80021AA9A /* StopwatchManager.swift in Sources */,
			);
			runOnlyForDeploymentPostprocessing = 0;
		};
		3DFCA26726D507860021AA9A /* Sources */ = {
			isa = PBXSourcesBuildPhase;
			buildActionMask = 2147483647;
			files = (
				3DFCA27026D507860021AA9A /* brewtimerTests.swift in Sources */,
			);
			runOnlyForDeploymentPostprocessing = 0;
		};
		3DFCA27226D507860021AA9A /* Sources */ = {
			isa = PBXSourcesBuildPhase;
			buildActionMask = 2147483647;
			files = (
				3DFCA27B26D507860021AA9A /* brewtimerUITests.swift in Sources */,
			);
			runOnlyForDeploymentPostprocessing = 0;
		};
/* End PBXSourcesBuildPhase section */

/* Begin PBXTargetDependency section */
		3DFCA26D26D507860021AA9A /* PBXTargetDependency */ = {
			isa = PBXTargetDependency;
			target = 3DFCA25926D507860021AA9A /* brewtimer */;
			targetProxy = 3DFCA26C26D507860021AA9A /* PBXContainerItemProxy */;
		};
		3DFCA27826D507860021AA9A /* PBXTargetDependency */ = {
			isa = PBXTargetDependency;
			target = 3DFCA25926D507860021AA9A /* brewtimer */;
			targetProxy = 3DFCA27726D507860021AA9A /* PBXContainerItemProxy */;
		};
/* End PBXTargetDependency section */

/* Begin XCBuildConfiguration section */
		3DFCA27D26D507860021AA9A /* Debug */ = {
			isa = XCBuildConfiguration;
			buildSettings = {
				ALWAYS_SEARCH_USER_PATHS = NO;
				CLANG_ANALYZER_NONNULL = YES;
				CLANG_ANALYZER_NUMBER_OBJECT_CONVERSION = YES_AGGRESSIVE;
				CLANG_CXX_LANGUAGE_STANDARD = "gnu++14";
				CLANG_CXX_LIBRARY = "libc++";
				CLANG_ENABLE_MODULES = YES;
				CLANG_ENABLE_OBJC_ARC = YES;
				CLANG_ENABLE_OBJC_WEAK = YES;
				CLANG_WARN_BLOCK_CAPTURE_AUTORELEASING = YES;
				CLANG_WARN_BOOL_CONVERSION = YES;
				CLANG_WARN_COMMA = YES;
				CLANG_WARN_CONSTANT_CONVERSION = YES;
				CLANG_WARN_DEPRECATED_OBJC_IMPLEMENTATIONS = YES;
				CLANG_WARN_DIRECT_OBJC_ISA_USAGE = YES_ERROR;
				CLANG_WARN_DOCUMENTATION_COMMENTS = YES;
				CLANG_WARN_EMPTY_BODY = YES;
				CLANG_WARN_ENUM_CONVERSION = YES;
				CLANG_WARN_INFINITE_RECURSION = YES;
				CLANG_WARN_INT_CONVERSION = YES;
				CLANG_WARN_NON_LITERAL_NULL_CONVERSION = YES;
				CLANG_WARN_OBJC_IMPLICIT_RETAIN_SELF = YES;
				CLANG_WARN_OBJC_LITERAL_CONVERSION = YES;
				CLANG_WARN_OBJC_ROOT_CLASS = YES_ERROR;
				CLANG_WARN_QUOTED_INCLUDE_IN_FRAMEWORK_HEADER = YES;
				CLANG_WARN_RANGE_LOOP_ANALYSIS = YES;
				CLANG_WARN_STRICT_PROTOTYPES = YES;
				CLANG_WARN_SUSPICIOUS_MOVE = YES;
				CLANG_WARN_UNGUARDED_AVAILABILITY = YES_AGGRESSIVE;
				CLANG_WARN_UNREACHABLE_CODE = YES;
				CLANG_WARN__DUPLICATE_METHOD_MATCH = YES;
				COPY_PHASE_STRIP = NO;
				DEBUG_INFORMATION_FORMAT = dwarf;
				ENABLE_STRICT_OBJC_MSGSEND = YES;
				ENABLE_TESTABILITY = YES;
				GCC_C_LANGUAGE_STANDARD = gnu11;
				GCC_DYNAMIC_NO_PIC = NO;
				GCC_NO_COMMON_BLOCKS = YES;
				GCC_OPTIMIZATION_LEVEL = 0;
				GCC_PREPROCESSOR_DEFINITIONS = (
					"DEBUG=1",
					"$(inherited)",
				);
				GCC_WARN_64_TO_32_BIT_CONVERSION = YES;
				GCC_WARN_ABOUT_RETURN_TYPE = YES_ERROR;
				GCC_WARN_UNDECLARED_SELECTOR = YES;
				GCC_WARN_UNINITIALIZED_AUTOS = YES_AGGRESSIVE;
				GCC_WARN_UNUSED_FUNCTION = YES;
				GCC_WARN_UNUSED_VARIABLE = YES;
				IPHONEOS_DEPLOYMENT_TARGET = 14.5;
				MTL_ENABLE_DEBUG_INFO = INCLUDE_SOURCE;
				MTL_FAST_MATH = YES;
				ONLY_ACTIVE_ARCH = YES;
				SDKROOT = iphoneos;
				SWIFT_ACTIVE_COMPILATION_CONDITIONS = DEBUG;
				SWIFT_OPTIMIZATION_LEVEL = "-Onone";
			};
			name = Debug;
		};
		3DFCA27E26D507860021AA9A /* Release */ = {
			isa = XCBuildConfiguration;
			buildSettings = {
				ALWAYS_SEARCH_USER_PATHS = NO;
				CLANG_ANALYZER_NONNULL = YES;
				CLANG_ANALYZER_NUMBER_OBJECT_CONVERSION = YES_AGGRESSIVE;
				CLANG_CXX_LANGUAGE_STANDARD = "gnu++14";
				CLANG_CXX_LIBRARY = "libc++";
				CLANG_ENABLE_MODULES = YES;
				CLANG_ENABLE_OBJC_ARC = YES;
				CLANG_ENABLE_OBJC_WEAK = YES;
				CLANG_WARN_BLOCK_CAPTURE_AUTORELEASING = YES;
				CLANG_WARN_BOOL_CONVERSION = YES;
				CLANG_WARN_COMMA = YES;
				CLANG_WARN_CONSTANT_CONVERSION = YES;
				CLANG_WARN_DEPRECATED_OBJC_IMPLEMENTATIONS = YES;
				CLANG_WARN_DIRECT_OBJC_ISA_USAGE = YES_ERROR;
				CLANG_WARN_DOCUMENTATION_COMMENTS = YES;
				CLANG_WARN_EMPTY_BODY = YES;
				CLANG_WARN_ENUM_CONVERSION = YES;
				CLANG_WARN_INFINITE_RECURSION = YES;
				CLANG_WARN_INT_CONVERSION = YES;
				CLANG_WARN_NON_LITERAL_NULL_CONVERSION = YES;
				CLANG_WARN_OBJC_IMPLICIT_RETAIN_SELF = YES;
				CLANG_WARN_OBJC_LITERAL_CONVERSION = YES;
				CLANG_WARN_OBJC_ROOT_CLASS = YES_ERROR;
				CLANG_WARN_QUOTED_INCLUDE_IN_FRAMEWORK_HEADER = YES;
				CLANG_WARN_RANGE_LOOP_ANALYSIS = YES;
				CLANG_WARN_STRICT_PROTOTYPES = YES;
				CLANG_WARN_SUSPICIOUS_MOVE = YES;
				CLANG_WARN_UNGUARDED_AVAILABILITY = YES_AGGRESSIVE;
				CLANG_WARN_UNREACHABLE_CODE = YES;
				CLANG_WARN__DUPLICATE_METHOD_MATCH = YES;
				COPY_PHASE_STRIP = NO;
				DEBUG_INFORMATION_FORMAT = "dwarf-with-dsym";
				ENABLE_NS_ASSERTIONS = NO;
				ENABLE_STRICT_OBJC_MSGSEND = YES;
				GCC_C_LANGUAGE_STANDARD = gnu11;
				GCC_NO_COMMON_BLOCKS = YES;
				GCC_WARN_64_TO_32_BIT_CONVERSION = YES;
				GCC_WARN_ABOUT_RETURN_TYPE = YES_ERROR;
				GCC_WARN_UNDECLARED_SELECTOR = YES;
				GCC_WARN_UNINITIALIZED_AUTOS = YES_AGGRESSIVE;
				GCC_WARN_UNUSED_FUNCTION = YES;
				GCC_WARN_UNUSED_VARIABLE = YES;
				IPHONEOS_DEPLOYMENT_TARGET = 14.5;
				MTL_ENABLE_DEBUG_INFO = NO;
				MTL_FAST_MATH = YES;
				SDKROOT = iphoneos;
				SWIFT_COMPILATION_MODE = wholemodule;
				SWIFT_OPTIMIZATION_LEVEL = "-O";
				VALIDATE_PRODUCT = YES;
			};
			name = Release;
		};
		3DFCA28026D507860021AA9A /* Debug */ = {
			isa = XCBuildConfiguration;
			buildSettings = {
				ASSETCATALOG_COMPILER_APPICON_NAME = AppIcon;
				ASSETCATALOG_COMPILER_GLOBAL_ACCENT_COLOR_NAME = AccentColor;
				CODE_SIGN_STYLE = Automatic;
				DEVELOPMENT_ASSET_PATHS = "\"brewtimer/Preview Content\"";
				DEVELOPMENT_TEAM = FHZM3LXSRT;
				ENABLE_PREVIEWS = YES;
				INFOPLIST_FILE = brewtimer/Info.plist;
				IPHONEOS_DEPLOYMENT_TARGET = 14.0;
				LD_RUNPATH_SEARCH_PATHS = (
					"$(inherited)",
					"@executable_path/Frameworks",
				);
				PRODUCT_BUNDLE_IDENTIFIER = akhegai.brewtimer;
				PRODUCT_NAME = "$(TARGET_NAME)";
				SWIFT_VERSION = 5.0;
				TARGETED_DEVICE_FAMILY = "1,2";
			};
			name = Debug;
		};
		3DFCA28126D507860021AA9A /* Release */ = {
			isa = XCBuildConfiguration;
			buildSettings = {
				ASSETCATALOG_COMPILER_APPICON_NAME = AppIcon;
				ASSETCATALOG_COMPILER_GLOBAL_ACCENT_COLOR_NAME = AccentColor;
				CODE_SIGN_STYLE = Automatic;
				DEVELOPMENT_ASSET_PATHS = "\"brewtimer/Preview Content\"";
				DEVELOPMENT_TEAM = FHZM3LXSRT;
				ENABLE_PREVIEWS = YES;
				INFOPLIST_FILE = brewtimer/Info.plist;
				IPHONEOS_DEPLOYMENT_TARGET = 14.0;
				LD_RUNPATH_SEARCH_PATHS = (
					"$(inherited)",
					"@executable_path/Frameworks",
				);
				PRODUCT_BUNDLE_IDENTIFIER = akhegai.brewtimer;
				PRODUCT_NAME = "$(TARGET_NAME)";
				SWIFT_VERSION = 5.0;
				TARGETED_DEVICE_FAMILY = "1,2";
			};
			name = Release;
		};
		3DFCA28326D507860021AA9A /* Debug */ = {
			isa = XCBuildConfiguration;
			buildSettings = {
				ALWAYS_EMBED_SWIFT_STANDARD_LIBRARIES = YES;
				BUNDLE_LOADER = "$(TEST_HOST)";
				CODE_SIGN_STYLE = Automatic;
				DEVELOPMENT_TEAM = FHZM3LXSRT;
				INFOPLIST_FILE = brewtimerTests/Info.plist;
				IPHONEOS_DEPLOYMENT_TARGET = 14.0;
				LD_RUNPATH_SEARCH_PATHS = (
					"$(inherited)",
					"@executable_path/Frameworks",
					"@loader_path/Frameworks",
				);
				PRODUCT_BUNDLE_IDENTIFIER = akhegai.brewtimerTests;
				PRODUCT_NAME = "$(TARGET_NAME)";
				SWIFT_VERSION = 5.0;
				TARGETED_DEVICE_FAMILY = "1,2";
				TEST_HOST = "$(BUILT_PRODUCTS_DIR)/brewtimer.app/brewtimer";
			};
			name = Debug;
		};
		3DFCA28426D507860021AA9A /* Release */ = {
			isa = XCBuildConfiguration;
			buildSettings = {
				ALWAYS_EMBED_SWIFT_STANDARD_LIBRARIES = YES;
				BUNDLE_LOADER = "$(TEST_HOST)";
				CODE_SIGN_STYLE = Automatic;
				DEVELOPMENT_TEAM = FHZM3LXSRT;
				INFOPLIST_FILE = brewtimerTests/Info.plist;
				IPHONEOS_DEPLOYMENT_TARGET = 14.0;
				LD_RUNPATH_SEARCH_PATHS = (
					"$(inherited)",
					"@executable_path/Frameworks",
					"@loader_path/Frameworks",
				);
				PRODUCT_BUNDLE_IDENTIFIER = akhegai.brewtimerTests;
				PRODUCT_NAME = "$(TARGET_NAME)";
				SWIFT_VERSION = 5.0;
				TARGETED_DEVICE_FAMILY = "1,2";
				TEST_HOST = "$(BUILT_PRODUCTS_DIR)/brewtimer.app/brewtimer";
			};
			name = Release;
		};
		3DFCA28626D507860021AA9A /* Debug */ = {
			isa = XCBuildConfiguration;
			buildSettings = {
				ALWAYS_EMBED_SWIFT_STANDARD_LIBRARIES = YES;
				CODE_SIGN_STYLE = Automatic;
				DEVELOPMENT_TEAM = FHZM3LXSRT;
				INFOPLIST_FILE = brewtimerUITests/Info.plist;
				LD_RUNPATH_SEARCH_PATHS = (
					"$(inherited)",
					"@executable_path/Frameworks",
					"@loader_path/Frameworks",
				);
				PRODUCT_BUNDLE_IDENTIFIER = akhegai.brewtimerUITests;
				PRODUCT_NAME = "$(TARGET_NAME)";
				SWIFT_VERSION = 5.0;
				TARGETED_DEVICE_FAMILY = "1,2";
				TEST_TARGET_NAME = brewtimer;
			};
			name = Debug;
		};
		3DFCA28726D507860021AA9A /* Release */ = {
			isa = XCBuildConfiguration;
			buildSettings = {
				ALWAYS_EMBED_SWIFT_STANDARD_LIBRARIES = YES;
				CODE_SIGN_STYLE = Automatic;
				DEVELOPMENT_TEAM = FHZM3LXSRT;
				INFOPLIST_FILE = brewtimerUITests/Info.plist;
				LD_RUNPATH_SEARCH_PATHS = (
					"$(inherited)",
					"@executable_path/Frameworks",
					"@loader_path/Frameworks",
				);
				PRODUCT_BUNDLE_IDENTIFIER = akhegai.brewtimerUITests;
				PRODUCT_NAME = "$(TARGET_NAME)";
				SWIFT_VERSION = 5.0;
				TARGETED_DEVICE_FAMILY = "1,2";
				TEST_TARGET_NAME = brewtimer;
			};
			name = Release;
		};
/* End XCBuildConfiguration section */

/* Begin XCConfigurationList section */
		3DFCA25526D507860021AA9A /* Build configuration list for PBXProject "brewtimer" */ = {
			isa = XCConfigurationList;
			buildConfigurations = (
				3DFCA27D26D507860021AA9A /* Debug */,
				3DFCA27E26D507860021AA9A /* Release */,
			);
			defaultConfigurationIsVisible = 0;
			defaultConfigurationName = Release;
		};
		3DFCA27F26D507860021AA9A /* Build configuration list for PBXNativeTarget "brewtimer" */ = {
			isa = XCConfigurationList;
			buildConfigurations = (
				3DFCA28026D507860021AA9A /* Debug */,
				3DFCA28126D507860021AA9A /* Release */,
			);
			defaultConfigurationIsVisible = 0;
			defaultConfigurationName = Release;
		};
		3DFCA28226D507860021AA9A /* Build configuration list for PBXNativeTarget "brewtimerTests" */ = {
			isa = XCConfigurationList;
			buildConfigurations = (
				3DFCA28326D507860021AA9A /* Debug */,
				3DFCA28426D507860021AA9A /* Release */,
			);
			defaultConfigurationIsVisible = 0;
			defaultConfigurationName = Release;
		};
		3DFCA28526D507860021AA9A /* Build configuration list for PBXNativeTarget "brewtimerUITests" */ = {
			isa = XCConfigurationList;
			buildConfigurations = (
				3DFCA28626D507860021AA9A /* Debug */,
				3DFCA28726D507860021AA9A /* Release */,
			);
			defaultConfigurationIsVisible = 0;
			defaultConfigurationName = Release;
		};
/* End XCConfigurationList section */
	};
	rootObject = 3DFCA25226D507860021AA9A /* Project object */;
}
